// !$*UTF8*$!
{
	archiveVersion = 1;
	classes = {
	};
	objectVersion = 46;
	objects = {

/* Begin PBXBuildFile section */
		D8A54CEA1CF71B4C00A35778 /* Extensions.swift in Sources */ = {isa = PBXBuildFile; fileRef = D8A54CE91CF71B4C00A35778 /* Extensions.swift */; };
		D8A54CEE1CF71DD600A35778 /* ThemeA.plist in Resources */ = {isa = PBXBuildFile; fileRef = D8A54CED1CF71DD600A35778 /* ThemeA.plist */; };
		D8A54CF01CF7320B00A35778 /* ThemeB.plist in Resources */ = {isa = PBXBuildFile; fileRef = D8A54CEF1CF7320B00A35778 /* ThemeB.plist */; };
		D8AA615A1CF604C5001BD892 /* AppDelegate.swift in Sources */ = {isa = PBXBuildFile; fileRef = D8AA61591CF604C5001BD892 /* AppDelegate.swift */; };
		D8AA615C1CF604C5001BD892 /* ViewController.swift in Sources */ = {isa = PBXBuildFile; fileRef = D8AA615B1CF604C5001BD892 /* ViewController.swift */; };
		D8AA615F1CF604C5001BD892 /* Main.storyboard in Resources */ = {isa = PBXBuildFile; fileRef = D8AA615D1CF604C5001BD892 /* Main.storyboard */; };
		D8AA61611CF604C5001BD892 /* Assets.xcassets in Resources */ = {isa = PBXBuildFile; fileRef = D8AA61601CF604C5001BD892 /* Assets.xcassets */; };
		D8AA61641CF604C5001BD892 /* LaunchScreen.storyboard in Resources */ = {isa = PBXBuildFile; fileRef = D8AA61621CF604C5001BD892 /* LaunchScreen.storyboard */; };
		D8AA616F1CF604C6001BD892 /* ThemeTests.swift in Sources */ = {isa = PBXBuildFile; fileRef = D8AA616E1CF604C6001BD892 /* ThemeTests.swift */; };
		D8AA617A1CF604C6001BD892 /* ThemeUITests.swift in Sources */ = {isa = PBXBuildFile; fileRef = D8AA61791CF604C6001BD892 /* ThemeUITests.swift */; };
		D8AA61881CF6058E001BD892 /* Theme.swift in Sources */ = {isa = PBXBuildFile; fileRef = D8AA61871CF6058E001BD892 /* Theme.swift */; };
/* End PBXBuildFile section */

/* Begin PBXContainerItemProxy section */
		D8AA616B1CF604C6001BD892 /* PBXContainerItemProxy */ = {
			isa = PBXContainerItemProxy;
			containerPortal = D8AA614E1CF604C5001BD892 /* Project object */;
			proxyType = 1;
			remoteGlobalIDString = D8AA61551CF604C5001BD892;
			remoteInfo = Theme;
		};
		D8AA61761CF604C6001BD892 /* PBXContainerItemProxy */ = {
			isa = PBXContainerItemProxy;
			containerPortal = D8AA614E1CF604C5001BD892 /* Project object */;
			proxyType = 1;
			remoteGlobalIDString = D8AA61551CF604C5001BD892;
			remoteInfo = Theme;
		};
/* End PBXContainerItemProxy section */

/* Begin PBXFileReference section */
		D8A54CE91CF71B4C00A35778 /* Extensions.swift */ = {isa = PBXFileReference; fileEncoding = 4; lastKnownFileType = sourcecode.swift; path = Extensions.swift; sourceTree = "<group>"; };
		D8A54CED1CF71DD600A35778 /* ThemeA.plist */ = {isa = PBXFileReference; fileEncoding = 4; lastKnownFileType = text.plist.xml; path = ThemeA.plist; sourceTree = "<group>"; };
		D8A54CEF1CF7320B00A35778 /* ThemeB.plist */ = {isa = PBXFileReference; fileEncoding = 4; lastKnownFileType = text.plist.xml; path = ThemeB.plist; sourceTree = "<group>"; };
		D8AA61561CF604C5001BD892 /* Theme.app */ = {isa = PBXFileReference; explicitFileType = wrapper.application; includeInIndex = 0; path = Theme.app; sourceTree = BUILT_PRODUCTS_DIR; };
		D8AA61591CF604C5001BD892 /* AppDelegate.swift */ = {isa = PBXFileReference; lastKnownFileType = sourcecode.swift; path = AppDelegate.swift; sourceTree = "<group>"; };
		D8AA615B1CF604C5001BD892 /* ViewController.swift */ = {isa = PBXFileReference; lastKnownFileType = sourcecode.swift; path = ViewController.swift; sourceTree = "<group>"; };
		D8AA615E1CF604C5001BD892 /* Base */ = {isa = PBXFileReference; lastKnownFileType = file.storyboard; name = Base; path = Base.lproj/Main.storyboard; sourceTree = "<group>"; };
		D8AA61601CF604C5001BD892 /* Assets.xcassets */ = {isa = PBXFileReference; lastKnownFileType = folder.assetcatalog; path = Assets.xcassets; sourceTree = "<group>"; };
		D8AA61631CF604C5001BD892 /* Base */ = {isa = PBXFileReference; lastKnownFileType = file.storyboard; name = Base; path = Base.lproj/LaunchScreen.storyboard; sourceTree = "<group>"; };
		D8AA61651CF604C5001BD892 /* Info.plist */ = {isa = PBXFileReference; lastKnownFileType = text.plist.xml; path = Info.plist; sourceTree = "<group>"; };
		D8AA616A1CF604C6001BD892 /* ThemeTests.xctest */ = {isa = PBXFileReference; explicitFileType = wrapper.cfbundle; includeInIndex = 0; path = ThemeTests.xctest; sourceTree = BUILT_PRODUCTS_DIR; };
		D8AA616E1CF604C6001BD892 /* ThemeTests.swift */ = {isa = PBXFileReference; lastKnownFileType = sourcecode.swift; path = ThemeTests.swift; sourceTree = "<group>"; };
		D8AA61701CF604C6001BD892 /* Info.plist */ = {isa = PBXFileReference; lastKnownFileType = text.plist.xml; path = Info.plist; sourceTree = "<group>"; };
		D8AA61751CF604C6001BD892 /* ThemeUITests.xctest */ = {isa = PBXFileReference; explicitFileType = wrapper.cfbundle; includeInIndex = 0; path = ThemeUITests.xctest; sourceTree = BUILT_PRODUCTS_DIR; };
		D8AA61791CF604C6001BD892 /* ThemeUITests.swift */ = {isa = PBXFileReference; lastKnownFileType = sourcecode.swift; path = ThemeUITests.swift; sourceTree = "<group>"; };
		D8AA617B1CF604C6001BD892 /* Info.plist */ = {isa = PBXFileReference; lastKnownFileType = text.plist.xml; path = Info.plist; sourceTree = "<group>"; };
		D8AA61871CF6058E001BD892 /* Theme.swift */ = {isa = PBXFileReference; fileEncoding = 4; lastKnownFileType = sourcecode.swift; path = Theme.swift; sourceTree = "<group>"; };
/* End PBXFileReference section */

/* Begin PBXFrameworksBuildPhase section */
		D8AA61531CF604C5001BD892 /* Frameworks */ = {
			isa = PBXFrameworksBuildPhase;
			buildActionMask = 2147483647;
			files = (
			);
			runOnlyForDeploymentPostprocessing = 0;
		};
		D8AA61671CF604C6001BD892 /* Frameworks */ = {
			isa = PBXFrameworksBuildPhase;
			buildActionMask = 2147483647;
			files = (
			);
			runOnlyForDeploymentPostprocessing = 0;
		};
		D8AA61721CF604C6001BD892 /* Frameworks */ = {
			isa = PBXFrameworksBuildPhase;
			buildActionMask = 2147483647;
			files = (
			);
			runOnlyForDeploymentPostprocessing = 0;
		};
/* End PBXFrameworksBuildPhase section */

/* Begin PBXGroup section */
		D8A54CEB1CF71DC600A35778 /* Assets */ = {
			isa = PBXGroup;
			children = (
				D8A54CEC1CF71DC600A35778 /* Themes */,
			);
			path = Assets;
			sourceTree = "<group>";
		};
		D8A54CEC1CF71DC600A35778 /* Themes */ = {
			isa = PBXGroup;
			children = (
				D8A54CED1CF71DD600A35778 /* ThemeA.plist */,
				D8A54CEF1CF7320B00A35778 /* ThemeB.plist */,
			);
			path = Themes;
			sourceTree = "<group>";
		};
		D8AA614D1CF604C5001BD892 = {
			isa = PBXGroup;
			children = (
				D8AA61581CF604C5001BD892 /* Theme */,
				D8AA616D1CF604C6001BD892 /* ThemeTests */,
				D8AA61781CF604C6001BD892 /* ThemeUITests */,
				D8AA61571CF604C5001BD892 /* Products */,
			);
			sourceTree = "<group>";
		};
		D8AA61571CF604C5001BD892 /* Products */ = {
			isa = PBXGroup;
			children = (
				D8AA61561CF604C5001BD892 /* Theme.app */,
				D8AA616A1CF604C6001BD892 /* ThemeTests.xctest */,
				D8AA61751CF604C6001BD892 /* ThemeUITests.xctest */,
			);
			name = Products;
			sourceTree = "<group>";
		};
		D8AA61581CF604C5001BD892 /* Theme */ = {
			isa = PBXGroup;
			children = (
				D8A54CEB1CF71DC600A35778 /* Assets */,
				D8AA61591CF604C5001BD892 /* AppDelegate.swift */,
				D8AA615B1CF604C5001BD892 /* ViewController.swift */,
				D8AA615D1CF604C5001BD892 /* Main.storyboard */,
				D8AA61601CF604C5001BD892 /* Assets.xcassets */,
				D8AA61621CF604C5001BD892 /* LaunchScreen.storyboard */,
				D8AA61651CF604C5001BD892 /* Info.plist */,
				D8AA61871CF6058E001BD892 /* Theme.swift */,
				D8A54CE91CF71B4C00A35778 /* Extensions.swift */,
			);
			path = Theme;
			sourceTree = "<group>";
		};
		D8AA616D1CF604C6001BD892 /* ThemeTests */ = {
			isa = PBXGroup;
			children = (
				D8AA616E1CF604C6001BD892 /* ThemeTests.swift */,
				D8AA61701CF604C6001BD892 /* Info.plist */,
			);
			path = ThemeTests;
			sourceTree = "<group>";
		};
		D8AA61781CF604C6001BD892 /* ThemeUITests */ = {
			isa = PBXGroup;
			children = (
				D8AA61791CF604C6001BD892 /* ThemeUITests.swift */,
				D8AA617B1CF604C6001BD892 /* Info.plist */,
			);
			path = ThemeUITests;
			sourceTree = "<group>";
		};
/* End PBXGroup section */

/* Begin PBXNativeTarget section */
		D8AA61551CF604C5001BD892 /* Theme */ = {
			isa = PBXNativeTarget;
			buildConfigurationList = D8AA617E1CF604C6001BD892 /* Build configuration list for PBXNativeTarget "Theme" */;
			buildPhases = (
				D8AA61521CF604C5001BD892 /* Sources */,
				D8AA61531CF604C5001BD892 /* Frameworks */,
				D8AA61541CF604C5001BD892 /* Resources */,
			);
			buildRules = (
			);
			dependencies = (
			);
			name = Theme;
			productName = Theme;
			productReference = D8AA61561CF604C5001BD892 /* Theme.app */;
			productType = "com.apple.product-type.application";
		};
		D8AA61691CF604C6001BD892 /* ThemeTests */ = {
			isa = PBXNativeTarget;
			buildConfigurationList = D8AA61811CF604C6001BD892 /* Build configuration list for PBXNativeTarget "ThemeTests" */;
			buildPhases = (
				D8AA61661CF604C6001BD892 /* Sources */,
				D8AA61671CF604C6001BD892 /* Frameworks */,
				D8AA61681CF604C6001BD892 /* Resources */,
			);
			buildRules = (
			);
			dependencies = (
				D8AA616C1CF604C6001BD892 /* PBXTargetDependency */,
			);
			name = ThemeTests;
			productName = ThemeTests;
			productReference = D8AA616A1CF604C6001BD892 /* ThemeTests.xctest */;
			productType = "com.apple.product-type.bundle.unit-test";
		};
		D8AA61741CF604C6001BD892 /* ThemeUITests */ = {
			isa = PBXNativeTarget;
			buildConfigurationList = D8AA61841CF604C6001BD892 /* Build configuration list for PBXNativeTarget "ThemeUITests" */;
			buildPhases = (
				D8AA61711CF604C6001BD892 /* Sources */,
				D8AA61721CF604C6001BD892 /* Frameworks */,
				D8AA61731CF604C6001BD892 /* Resources */,
			);
			buildRules = (
			);
			dependencies = (
				D8AA61771CF604C6001BD892 /* PBXTargetDependency */,
			);
			name = ThemeUITests;
			productName = ThemeUITests;
			productReference = D8AA61751CF604C6001BD892 /* ThemeUITests.xctest */;
			productType = "com.apple.product-type.bundle.ui-testing";
		};
/* End PBXNativeTarget section */

/* Begin PBXProject section */
		D8AA614E1CF604C5001BD892 /* Project object */ = {
			isa = PBXProject;
			attributes = {
				LastSwiftUpdateCheck = 0730;
				LastUpgradeCheck = 0730;
				ORGANIZATIONNAME = "Alt Tab";
				TargetAttributes = {
					D8AA61551CF604C5001BD892 = {
						CreatedOnToolsVersion = 7.3.1;
					};
					D8AA61691CF604C6001BD892 = {
						CreatedOnToolsVersion = 7.3.1;
						TestTargetID = D8AA61551CF604C5001BD892;
					};
					D8AA61741CF604C6001BD892 = {
						CreatedOnToolsVersion = 7.3.1;
						TestTargetID = D8AA61551CF604C5001BD892;
					};
				};
			};
			buildConfigurationList = D8AA61511CF604C5001BD892 /* Build configuration list for PBXProject "Theme" */;
			compatibilityVersion = "Xcode 3.2";
			developmentRegion = English;
			hasScannedForEncodings = 0;
			knownRegions = (
				en,
				Base,
			);
			mainGroup = D8AA614D1CF604C5001BD892;
			productRefGroup = D8AA61571CF604C5001BD892 /* Products */;
			projectDirPath = "";
			projectRoot = "";
			targets = (
				D8AA61551CF604C5001BD892 /* Theme */,
				D8AA61691CF604C6001BD892 /* ThemeTests */,
				D8AA61741CF604C6001BD892 /* ThemeUITests */,
			);
		};
/* End PBXProject section */

/* Begin PBXResourcesBuildPhase section */
		D8AA61541CF604C5001BD892 /* Resources */ = {
			isa = PBXResourcesBuildPhase;
			buildActionMask = 2147483647;
			files = (
				D8A54CF01CF7320B00A35778 /* ThemeB.plist in Resources */,
				D8AA61641CF604C5001BD892 /* LaunchScreen.storyboard in Resources */,
				D8AA61611CF604C5001BD892 /* Assets.xcassets in Resources */,
				D8A54CEE1CF71DD600A35778 /* ThemeA.plist in Resources */,
				D8AA615F1CF604C5001BD892 /* Main.storyboard in Resources */,
			);
			runOnlyForDeploymentPostprocessing = 0;
		};
		D8AA61681CF604C6001BD892 /* Resources */ = {
			isa = PBXResourcesBuildPhase;
			buildActionMask = 2147483647;
			files = (
			);
			runOnlyForDeploymentPostprocessing = 0;
		};
		D8AA61731CF604C6001BD892 /* Resources */ = {
			isa = PBXResourcesBuildPhase;
			buildActionMask = 2147483647;
			files = (
			);
			runOnlyForDeploymentPostprocessing = 0;
		};
/* End PBXResourcesBuildPhase section */

/* Begin PBXSourcesBuildPhase section */
		D8AA61521CF604C5001BD892 /* Sources */ = {
			isa = PBXSourcesBuildPhase;
			buildActionMask = 2147483647;
			files = (
				D8AA61881CF6058E001BD892 /* Theme.swift in Sources */,
				D8AA615C1CF604C5001BD892 /* ViewController.swift in Sources */,
				D8AA615A1CF604C5001BD892 /* AppDelegate.swift in Sources */,
				D8A54CEA1CF71B4C00A35778 /* Extensions.swift in Sources */,
			);
			runOnlyForDeploymentPostprocessing = 0;
		};
		D8AA61661CF604C6001BD892 /* Sources */ = {
			isa = PBXSourcesBuildPhase;
			buildActionMask = 2147483647;
			files = (
				D8AA616F1CF604C6001BD892 /* ThemeTests.swift in Sources */,
			);
			runOnlyForDeploymentPostprocessing = 0;
		};
		D8AA61711CF604C6001BD892 /* Sources */ = {
			isa = PBXSourcesBuildPhase;
			buildActionMask = 2147483647;
			files = (
				D8AA617A1CF604C6001BD892 /* ThemeUITests.swift in Sources */,
			);
			runOnlyForDeploymentPostprocessing = 0;
		};
/* End PBXSourcesBuildPhase section */

/* Begin PBXTargetDependency section */
		D8AA616C1CF604C6001BD892 /* PBXTargetDependency */ = {
			isa = PBXTargetDependency;
			target = D8AA61551CF604C5001BD892 /* Theme */;
			targetProxy = D8AA616B1CF604C6001BD892 /* PBXContainerItemProxy */;
		};
		D8AA61771CF604C6001BD892 /* PBXTargetDependency */ = {
			isa = PBXTargetDependency;
			target = D8AA61551CF604C5001BD892 /* Theme */;
			targetProxy = D8AA61761CF604C6001BD892 /* PBXContainerItemProxy */;
		};
/* End PBXTargetDependency section */

/* Begin PBXVariantGroup section */
		D8AA615D1CF604C5001BD892 /* Main.storyboard */ = {
			isa = PBXVariantGroup;
			children = (
				D8AA615E1CF604C5001BD892 /* Base */,
			);
			name = Main.storyboard;
			sourceTree = "<group>";
		};
		D8AA61621CF604C5001BD892 /* LaunchScreen.storyboard */ = {
			isa = PBXVariantGroup;
			children = (
				D8AA61631CF604C5001BD892 /* Base */,
			);
			name = LaunchScreen.storyboard;
			sourceTree = "<group>";
		};
/* End PBXVariantGroup section */

/* Begin XCBuildConfiguration section */
		D8AA617C1CF604C6001BD892 /* Debug */ = {
			isa = XCBuildConfiguration;
			buildSettings = {
				ALWAYS_SEARCH_USER_PATHS = NO;
				CLANG_ANALYZER_NONNULL = YES;
				CLANG_CXX_LANGUAGE_STANDARD = "gnu++0x";
				CLANG_CXX_LIBRARY = "libc++";
				CLANG_ENABLE_MODULES = YES;
				CLANG_ENABLE_OBJC_ARC = YES;
				CLANG_WARN_BOOL_CONVERSION = YES;
				CLANG_WARN_CONSTANT_CONVERSION = YES;
				CLANG_WARN_DIRECT_OBJC_ISA_USAGE = YES_ERROR;
				CLANG_WARN_EMPTY_BODY = YES;
				CLANG_WARN_ENUM_CONVERSION = YES;
				CLANG_WARN_INT_CONVERSION = YES;
				CLANG_WARN_OBJC_ROOT_CLASS = YES_ERROR;
				CLANG_WARN_UNREACHABLE_CODE = YES;
				CLANG_WARN__DUPLICATE_METHOD_MATCH = YES;
				"CODE_SIGN_IDENTITY[sdk=iphoneos*]" = "iPhone Developer";
				COPY_PHASE_STRIP = NO;
				DEBUG_INFORMATION_FORMAT = dwarf;
				ENABLE_STRICT_OBJC_MSGSEND = YES;
				ENABLE_TESTABILITY = YES;
				GCC_C_LANGUAGE_STANDARD = gnu99;
				GCC_DYNAMIC_NO_PIC = NO;
				GCC_NO_COMMON_BLOCKS = YES;
				GCC_OPTIMIZATION_LEVEL = 0;
				GCC_PREPROCESSOR_DEFINITIONS = (
					"DEBUG=1",
					"$(inherited)",
				);
				GCC_WARN_64_TO_32_BIT_CONVERSION = YES;
				GCC_WARN_ABOUT_RETURN_TYPE = YES_ERROR;
				GCC_WARN_UNDECLARED_SELECTOR = YES;
				GCC_WARN_UNINITIALIZED_AUTOS = YES_AGGRESSIVE;
				GCC_WARN_UNUSED_FUNCTION = YES;
				GCC_WARN_UNUSED_VARIABLE = YES;
				IPHONEOS_DEPLOYMENT_TARGET = 9.3;
				MTL_ENABLE_DEBUG_INFO = YES;
				ONLY_ACTIVE_ARCH = YES;
				SDKROOT = iphoneos;
				SWIFT_OPTIMIZATION_LEVEL = "-Onone";
			};
			name = Debug;
		};
		D8AA617D1CF604C6001BD892 /* Release */ = {
			isa = XCBuildConfiguration;
			buildSettings = {
				ALWAYS_SEARCH_USER_PATHS = NO;
				CLANG_ANALYZER_NONNULL = YES;
				CLANG_CXX_LANGUAGE_STANDARD = "gnu++0x";
				CLANG_CXX_LIBRARY = "libc++";
				CLANG_ENABLE_MODULES = YES;
				CLANG_ENABLE_OBJC_ARC = YES;
				CLANG_WARN_BOOL_CONVERSION = YES;
				CLANG_WARN_CONSTANT_CONVERSION = YES;
				CLANG_WARN_DIRECT_OBJC_ISA_USAGE = YES_ERROR;
				CLANG_WARN_EMPTY_BODY = YES;
				CLANG_WARN_ENUM_CONVERSION = YES;
				CLANG_WARN_INT_CONVERSION = YES;
				CLANG_WARN_OBJC_ROOT_CLASS = YES_ERROR;
				CLANG_WARN_UNREACHABLE_CODE = YES;
				CLANG_WARN__DUPLICATE_METHOD_MATCH = YES;
				"CODE_SIGN_IDENTITY[sdk=iphoneos*]" = "iPhone Developer";
				COPY_PHASE_STRIP = NO;
				DEBUG_INFORMATION_FORMAT = "dwarf-with-dsym";
				ENABLE_NS_ASSERTIONS = NO;
				ENABLE_STRICT_OBJC_MSGSEND = YES;
				GCC_C_LANGUAGE_STANDARD = gnu99;
				GCC_NO_COMMON_BLOCKS = YES;
				GCC_WARN_64_TO_32_BIT_CONVERSION = YES;
				GCC_WARN_ABOUT_RETURN_TYPE = YES_ERROR;
				GCC_WARN_UNDECLARED_SELECTOR = YES;
				GCC_WARN_UNINITIALIZED_AUTOS = YES_AGGRESSIVE;
				GCC_WARN_UNUSED_FUNCTION = YES;
				GCC_WARN_UNUSED_VARIABLE = YES;
				IPHONEOS_DEPLOYMENT_TARGET = 9.3;
				MTL_ENABLE_DEBUG_INFO = NO;
				SDKROOT = iphoneos;
				VALIDATE_PRODUCT = YES;
			};
			name = Release;
		};
		D8AA617F1CF604C6001BD892 /* Debug */ = {
			isa = XCBuildConfiguration;
			buildSettings = {
				ASSETCATALOG_COMPILER_APPICON_NAME = AppIcon;
				INFOPLIST_FILE = Theme/Info.plist;
				LD_RUNPATH_SEARCH_PATHS = "$(inherited) @executable_path/Frameworks";
				PRODUCT_BUNDLE_IDENTIFIER = com.alttab.Theme;
				PRODUCT_NAME = "$(TARGET_NAME)";
			};
			name = Debug;
		};
		D8AA61801CF604C6001BD892 /* Release */ = {
			isa = XCBuildConfiguration;
			buildSettings = {
				ASSETCATALOG_COMPILER_APPICON_NAME = AppIcon;
				INFOPLIST_FILE = Theme/Info.plist;
				LD_RUNPATH_SEARCH_PATHS = "$(inherited) @executable_path/Frameworks";
				PRODUCT_BUNDLE_IDENTIFIER = com.alttab.Theme;
				PRODUCT_NAME = "$(TARGET_NAME)";
			};
			name = Release;
		};
		D8AA61821CF604C6001BD892 /* Debug */ = {
			isa = XCBuildConfiguration;
			buildSettings = {
				BUNDLE_LOADER = "$(TEST_HOST)";
				INFOPLIST_FILE = ThemeTests/Info.plist;
				LD_RUNPATH_SEARCH_PATHS = "$(inherited) @executable_path/Frameworks @loader_path/Frameworks";
				PRODUCT_BUNDLE_IDENTIFIER = com.alttab.ThemeTests;
				PRODUCT_NAME = "$(TARGET_NAME)";
				TEST_HOST = "$(BUILT_PRODUCTS_DIR)/Theme.app/Theme";
			};
			name = Debug;
		};
		D8AA61831CF604C6001BD892 /* Release */ = {
			isa = XCBuildConfiguration;
			buildSettings = {
				BUNDLE_LOADER = "$(TEST_HOST)";
				INFOPLIST_FILE = ThemeTests/Info.plist;
				LD_RUNPATH_SEARCH_PATHS = "$(inherited) @executable_path/Frameworks @loader_path/Frameworks";
				PRODUCT_BUNDLE_IDENTIFIER = com.alttab.ThemeTests;
				PRODUCT_NAME = "$(TARGET_NAME)";
				TEST_HOST = "$(BUILT_PRODUCTS_DIR)/Theme.app/Theme";
			};
			name = Release;
		};
		D8AA61851CF604C6001BD892 /* Debug */ = {
			isa = XCBuildConfiguration;
			buildSettings = {
				INFOPLIST_FILE = ThemeUITests/Info.plist;
				LD_RUNPATH_SEARCH_PATHS = "$(inherited) @executable_path/Frameworks @loader_path/Frameworks";
				PRODUCT_BUNDLE_IDENTIFIER = com.alttab.ThemeUITests;
				PRODUCT_NAME = "$(TARGET_NAME)";
				TEST_TARGET_NAME = Theme;
			};
			name = Debug;
		};
		D8AA61861CF604C6001BD892 /* Release */ = {
			isa = XCBuildConfiguration;
			buildSettings = {
				INFOPLIST_FILE = ThemeUITests/Info.plist;
				LD_RUNPATH_SEARCH_PATHS = "$(inherited) @executable_path/Frameworks @loader_path/Frameworks";
				PRODUCT_BUNDLE_IDENTIFIER = com.alttab.ThemeUITests;
				PRODUCT_NAME = "$(TARGET_NAME)";
				TEST_TARGET_NAME = Theme;
			};
			name = Release;
		};
/* End XCBuildConfiguration section */

/* Begin XCConfigurationList section */
		D8AA61511CF604C5001BD892 /* Build configuration list for PBXProject "Theme" */ = {
			isa = XCConfigurationList;
			buildConfigurations = (
				D8AA617C1CF604C6001BD892 /* Debug */,
				D8AA617D1CF604C6001BD892 /* Release */,
			);
			defaultConfigurationIsVisible = 0;
			defaultConfigurationName = Release;
		};
		D8AA617E1CF604C6001BD892 /* Build configuration list for PBXNativeTarget "Theme" */ = {
			isa = XCConfigurationList;
			buildConfigurations = (
				D8AA617F1CF604C6001BD892 /* Debug */,
				D8AA61801CF604C6001BD892 /* Release */,
			);
			defaultConfigurationIsVisible = 0;
			defaultConfigurationName = Release;
		};
		D8AA61811CF604C6001BD892 /* Build configuration list for PBXNativeTarget "ThemeTests" */ = {
			isa = XCConfigurationList;
			buildConfigurations = (
				D8AA61821CF604C6001BD892 /* Debug */,
				D8AA61831CF604C6001BD892 /* Release */,
			);
			defaultConfigurationIsVisible = 0;
			defaultConfigurationName = Release;
		};
		D8AA61841CF604C6001BD892 /* Build configuration list for PBXNativeTarget "ThemeUITests" */ = {
			isa = XCConfigurationList;
			buildConfigurations = (
				D8AA61851CF604C6001BD892 /* Debug */,
				D8AA61861CF604C6001BD892 /* Release */,
			);
			defaultConfigurationIsVisible = 0;
			defaultConfigurationName = Release;
		};
/* End XCConfigurationList section */
	};
	rootObject = D8AA614E1CF604C5001BD892 /* Project object */;
}
